schema: '2.0'
stages:
  preprocess:
    cmd: python -m src.data.preprocess --in data/raw --out data/processed
    deps:
    - path: src/data/preprocess.py
      hash: md5
      md5: ec18c69cf1dd575678d0811e3906b126
      size: 1639
    outs:
    - path: data/processed
      hash: md5
      md5: 5ab80c5e442581d5ffca499d6875a561.dir
      size: 2512
      nfiles: 4
  train:
    cmd: python -m src.training.train --params params.yaml --out 
      models/model.joblib
    deps:
    - path: data/processed
      hash: md5
      md5: 5ab80c5e442581d5ffca499d6875a561.dir
      size: 2512
      nfiles: 4
    - path: params.yaml
      hash: md5
      md5: 615baede7770e7e74720e84cdce6025a
      size: 246
    - path: src/training/train.py
      hash: md5
      md5: b7374d483d9a07a5bb831e3177d66427
      size: 5135
    outs:
    - path: metrics/val.json
      hash: md5
      md5: 8e9864238d16ad6095a6a2a87115f832
      size: 23
    - path: models/model.joblib
      hash: md5
      md5: 805dcfa62cba16337ca58e6a2755776c
      size: 847
  eval:
    cmd: python -m src.training.eval --model models/model.joblib --data 
      data/processed --out artifacts
    deps:
    - path: data/processed
      hash: md5
      md5: 5ab80c5e442581d5ffca499d6875a561.dir
      size: 2512
      nfiles: 4
    - path: models/model.joblib
      hash: md5
      md5: 805dcfa62cba16337ca58e6a2755776c
      size: 847
    - path: src/training/eval.py
      hash: md5
      md5: 1f28c9983c22d049126c7812201bf644
      size: 3120
    outs:
    - path: artifacts/confusion.png
      hash: md5
      md5: e0ace2d619d4c6b87e7c70528ce4326c
      size: 24545
    - path: artifacts/roc.png
      hash: md5
      md5: 38aa2a89253f7bc057b8dbeff055950b
      size: 41485
